
Microsoft Visual Studio Solution File, Format Version 12.00
# Visual Studio 15
VisualStudioVersion = 15.0.27428.2015
MinimumVisualStudioVersion = 10.0.40219.1
Project("{FAE04EC0-301F-11D3-BF4B-00C04F79EFBC}") = "TuBus-SS", "TuBus-SS\TuBus-SS.csproj", "{527F7467-618C-48E9-8931-5FF54EAAB411}"
EndProject
Global
	GlobalSection(SolutionConfigurationPlatforms) = preSolution
		Debug|Any CPU = Debug|Any CPU
		Release|Any CPU = Release|Any CPU
	EndGlobalSection
	GlobalSection(ProjectConfigurationPlatforms) = postSolution
		{527F7467-618C-48E9-8931-5FF54EAAB411}.Debug|Any CPU.ActiveCfg = Debug|Any CPU
		{527F7467-618C-48E9-8931-5FF54EAAB411}.Debug|Any CPU.Build.0 = Debug|Any CPU
		{527F7467-618C-48E9-8931-5FF54EAAB411}.Release|Any CPU.ActiveCfg = Release|Any CPU
		{527F7467-618C-48E9-8931-5FF54EAAB411}.Release|Any CPU.Build.0 = Release|Any CPU
	EndGlobalSection
	GlobalSection(SolutionProperties) = preSolution
		HideSolutionNode = FALSE
	EndGlobalSection
	GlobalSection(ExtensibilityGlobals) = postSolution
		SolutionGuid = {02AB9723-97B0-43AB-AB63-0EF30E2BAFBF}
	EndGlobalSection
	GlobalSection(TeamFoundationVersionControl) = preSolution
		SccNumberOfProjects = 2
		SccEnterpriseProvider = {4CA58AB2-18FA-4F8D-95D4-32DDF27D184C}
		SccTeamFoundationServer = https://eaglecoding.visualstudio.com/
		SccLocalPath0 = .
		SccProjectUniqueName1 = TuBus-SS\\TuBus-SS.csproj
		SccProjectName1 = TuBus-SS
		SccLocalPath1 = TuBus-SS
	EndGlobalSection
EndGlobal
